
Microsoft Visual Studio Solution File, Format Version 12.00
# Visual Studio Version 17
VisualStudioVersion = 17.11.35312.102
MinimumVisualStudioVersion = 10.0.40219.1
Project("{FAE04EC0-301F-11D3-BF4B-00C04F79EFBC}") = "TIC TAC TOE", "TIC TAC TOE.csproj", "{C1BC783E-7232-48A3-AE89-6D1AF7CADE8F}"
EndProject
Global
	GlobalSection(SolutionConfigurationPlatforms) = preSolution
		Debug|Any CPU = Debug|Any CPU
		Release|Any CPU = Release|Any CPU
	EndGlobalSection
	GlobalSection(ProjectConfigurationPlatforms) = postSolution
		{C1BC783E-7232-48A3-AE89-6D1AF7CADE8F}.Debug|Any CPU.ActiveCfg = Debug|Any CPU
		{C1BC783E-7232-48A3-AE89-6D1AF7CADE8F}.Debug|Any CPU.Build.0 = Debug|Any CPU
		{C1BC783E-7232-48A3-AE89-6D1AF7CADE8F}.Release|Any CPU.ActiveCfg = Release|Any CPU
		{C1BC783E-7232-48A3-AE89-6D1AF7CADE8F}.Release|Any CPU.Build.0 = Release|Any CPU
	EndGlobalSection
	GlobalSection(SolutionProperties) = preSolution
		HideSolutionNode = FALSE
	EndGlobalSection
	GlobalSection(ExtensibilityGlobals) = postSolution
		SolutionGuid = {F400640A-A1E5-434F-A484-9D6D3ACF6CFE}
	EndGlobalSection
EndGlobal
